
Microsoft Visual Studio Solution File, Format Version 12.00
# Visual Studio Version 16
VisualStudioVersion = 16.0.29009.5
MinimumVisualStudioVersion = 10.0.40219.1
Project("{FAE04EC0-301F-11D3-BF4B-00C04F79EFBC}") = "SHKube", "SHKube.csproj", "{B35B2318-F5E1-4EB1-8103-33401FBAB8C9}"
EndProject
Global
	GlobalSection(SolutionConfigurationPlatforms) = preSolution
		Debug|Any CPU = Debug|Any CPU
		Release|Any CPU = Release|Any CPU
	EndGlobalSection
	GlobalSection(ProjectConfigurationPlatforms) = postSolution
		{B35B2318-F5E1-4EB1-8103-33401FBAB8C9}.Debug|Any CPU.ActiveCfg = Debug|Any CPU
		{B35B2318-F5E1-4EB1-8103-33401FBAB8C9}.Debug|Any CPU.Build.0 = Debug|Any CPU
		{B35B2318-F5E1-4EB1-8103-33401FBAB8C9}.Release|Any CPU.ActiveCfg = Release|Any CPU
		{B35B2318-F5E1-4EB1-8103-33401FBAB8C9}.Release|Any CPU.Build.0 = Release|Any CPU
	EndGlobalSection
	GlobalSection(SolutionProperties) = preSolution
		HideSolutionNode = FALSE
	EndGlobalSection
	GlobalSection(ExtensibilityGlobals) = postSolution
		SolutionGuid = {F0B7CEC1-DF10-46A7-A3FA-B888CC031A20}
	EndGlobalSection
EndGlobal
